// !$*UTF8*$!
{
	archiveVersion = 1;
	classes = {
	};
	objectVersion = 77;
	objects = {

/* Begin PBXBuildFile section */
		FB01FE6C2DE253F0003B7FF1 /* SignUpView.swift in Sources */ = {isa = PBXBuildFile; fileRef = FB01FE6B2DE253F0003B7FF1 /* SignUpView.swift */; };
		FB01FE6E2DE26136003B7FF1 /* FormTextField.swift in Sources */ = {isa = PBXBuildFile; fileRef = FB01FE6D2DE26136003B7FF1 /* FormTextField.swift */; };
		FB01FE702DE2614D003B7FF1 /* PasswordField.swift in Sources */ = {isa = PBXBuildFile; fileRef = FB01FE6F2DE2614D003B7FF1 /* PasswordField.swift */; };
		FB01FE722DE28F5A003B7FF1 /* User.swift in Sources */ = {isa = PBXBuildFile; fileRef = FB01FE712DE28F5A003B7FF1 /* User.swift */; };
		FB01FE742DE29BCB003B7FF1 /* UsersLogic.swift in Sources */ = {isa = PBXBuildFile; fileRef = FB01FE732DE29BCB003B7FF1 /* UsersLogic.swift */; };
		FB01FE762DE29DCB003B7FF1 /* PasswordStrengthIndicator.swift in Sources */ = {isa = PBXBuildFile; fileRef = FB01FE752DE29DCB003B7FF1 /* PasswordStrengthIndicator.swift */; };
		FB01FE782DE2C1BC003B7FF1 /* PasswordViewModel.swift in Sources */ = {isa = PBXBuildFile; fileRef = FB01FE772DE2C1BC003B7FF1 /* PasswordViewModel.swift */; };
		FB01FE7D2DE2C267003B7FF1 /* Extensions.swift in Sources */ = {isa = PBXBuildFile; fileRef = FB01FE7C2DE2C267003B7FF1 /* Extensions.swift */; };
		FB7A70552DDF88A600BA34B8 /* Assets.xcassets in Resources */ = {isa = PBXBuildFile; fileRef = FB7A70502DDF88A600BA34B8 /* Assets.xcassets */; };
		FB7A70572DDF88A600BA34B8 /* ContentView.swift in Sources */ = {isa = PBXBuildFile; fileRef = FB7A70512DDF88A600BA34B8 /* ContentView.swift */; };
		FB7A70582DDF88A600BA34B8 /* TaskeandoApp.swift in Sources */ = {isa = PBXBuildFile; fileRef = FB7A70532DDF88A600BA34B8 /* TaskeandoApp.swift */; };
		FB7A705B2DDF899E00BA34B8 /* URL.swift in Sources */ = {isa = PBXBuildFile; fileRef = FB7A705A2DDF899E00BA34B8 /* URL.swift */; };
		FB7A705D2DDF89B900BA34B8 /* Repository.swift in Sources */ = {isa = PBXBuildFile; fileRef = FB7A705C2DDF89B900BA34B8 /* Repository.swift */; };
		FB7A70602DDF8A4C00BA34B8 /* SMP25Kit in Frameworks */ = {isa = PBXBuildFile; productRef = FB7A705F2DDF8A4C00BA34B8 /* SMP25Kit */; };
		FB7A706B2DE0B67A00BA34B8 /* Enums.swift in Sources */ = {isa = PBXBuildFile; fileRef = FB7A706A2DE0B67A00BA34B8 /* Enums.swift */; };
		FB7A706D2DE0B6D300BA34B8 /* Project.swift in Sources */ = {isa = PBXBuildFile; fileRef = FB7A706C2DE0B6D300BA34B8 /* Project.swift */; };
		FB7A70702DE0CAB600BA34B8 /* ProjectsLogic.swift in Sources */ = {isa = PBXBuildFile; fileRef = FB7A706F2DE0CAB600BA34B8 /* ProjectsLogic.swift */; };
		FB7A70722DE0CADF00BA34B8 /* RepositoryTest.swift in Sources */ = {isa = PBXBuildFile; fileRef = FB7A70712DE0CADF00BA34B8 /* RepositoryTest.swift */; };
		FB7A70752DE0CAF500BA34B8 /* TaskeandoVM.swift in Sources */ = {isa = PBXBuildFile; fileRef = FB7A70742DE0CAF500BA34B8 /* TaskeandoVM.swift */; };
		FB7A70772DE0CC5C00BA34B8 /* LoginView.swift in Sources */ = {isa = PBXBuildFile; fileRef = FB7A70762DE0CC5C00BA34B8 /* LoginView.swift */; };
		FB7A707C2DE222EB00BA34B8 /* ProjectRowView.swift in Sources */ = {isa = PBXBuildFile; fileRef = FB7A707B2DE222EB00BA34B8 /* ProjectRowView.swift */; };
		FB7A707E2DE2258E00BA34B8 /* LoginFormView.swift in Sources */ = {isa = PBXBuildFile; fileRef = FB7A707D2DE2258E00BA34B8 /* LoginFormView.swift */; };
		FB7A70802DE22B1200BA34B8 /* LoadingButtonView.swift in Sources */ = {isa = PBXBuildFile; fileRef = FB7A707F2DE22B1200BA34B8 /* LoadingButtonView.swift */; };
		FB7A70822DE2331100BA34B8 /* BackgroundOverlay.swift in Sources */ = {isa = PBXBuildFile; fileRef = FB7A70812DE2331100BA34B8 /* BackgroundOverlay.swift */; };
/* End PBXBuildFile section */

/* Begin PBXFileReference section */
		FB01FE6A2DE24A81003B7FF1 /* Taskeando.entitlements */ = {isa = PBXFileReference; lastKnownFileType = text.plist.entitlements; path = Taskeando.entitlements; sourceTree = "<group>"; };
		FB01FE6B2DE253F0003B7FF1 /* SignUpView.swift */ = {isa = PBXFileReference; lastKnownFileType = sourcecode.swift; path = SignUpView.swift; sourceTree = "<group>"; };
		FB01FE6D2DE26136003B7FF1 /* FormTextField.swift */ = {isa = PBXFileReference; lastKnownFileType = sourcecode.swift; path = FormTextField.swift; sourceTree = "<group>"; };
		FB01FE6F2DE2614D003B7FF1 /* PasswordField.swift */ = {isa = PBXFileReference; lastKnownFileType = sourcecode.swift; path = PasswordField.swift; sourceTree = "<group>"; };
		FB01FE712DE28F5A003B7FF1 /* User.swift */ = {isa = PBXFileReference; lastKnownFileType = sourcecode.swift; path = User.swift; sourceTree = "<group>"; };
		FB01FE732DE29BCB003B7FF1 /* UsersLogic.swift */ = {isa = PBXFileReference; lastKnownFileType = sourcecode.swift; path = UsersLogic.swift; sourceTree = "<group>"; };
		FB01FE752DE29DCB003B7FF1 /* PasswordStrengthIndicator.swift */ = {isa = PBXFileReference; lastKnownFileType = sourcecode.swift; path = PasswordStrengthIndicator.swift; sourceTree = "<group>"; };
		FB01FE772DE2C1BC003B7FF1 /* PasswordViewModel.swift */ = {isa = PBXFileReference; lastKnownFileType = sourcecode.swift; path = PasswordViewModel.swift; sourceTree = "<group>"; };
		FB01FE7C2DE2C267003B7FF1 /* Extensions.swift */ = {isa = PBXFileReference; lastKnownFileType = sourcecode.swift; path = Extensions.swift; sourceTree = "<group>"; };
		FB4C30372DDBB58E00E6E14A /* Taskeando.app */ = {isa = PBXFileReference; explicitFileType = wrapper.application; includeInIndex = 0; path = Taskeando.app; sourceTree = BUILT_PRODUCTS_DIR; };
		FB7A70502DDF88A600BA34B8 /* Assets.xcassets */ = {isa = PBXFileReference; lastKnownFileType = folder.assetcatalog; path = Assets.xcassets; sourceTree = "<group>"; };
		FB7A70512DDF88A600BA34B8 /* ContentView.swift */ = {isa = PBXFileReference; lastKnownFileType = sourcecode.swift; path = ContentView.swift; sourceTree = "<group>"; };
		FB7A70522DDF88A600BA34B8 /* Info.plist */ = {isa = PBXFileReference; lastKnownFileType = text.plist.xml; path = Info.plist; sourceTree = "<group>"; };
		FB7A70532DDF88A600BA34B8 /* TaskeandoApp.swift */ = {isa = PBXFileReference; lastKnownFileType = sourcecode.swift; path = TaskeandoApp.swift; sourceTree = "<group>"; };
		FB7A705A2DDF899E00BA34B8 /* URL.swift */ = {isa = PBXFileReference; lastKnownFileType = sourcecode.swift; path = URL.swift; sourceTree = "<group>"; };
		FB7A705C2DDF89B900BA34B8 /* Repository.swift */ = {isa = PBXFileReference; lastKnownFileType = sourcecode.swift; path = Repository.swift; sourceTree = "<group>"; };
		FB7A706A2DE0B67A00BA34B8 /* Enums.swift */ = {isa = PBXFileReference; lastKnownFileType = sourcecode.swift; path = Enums.swift; sourceTree = "<group>"; };
		FB7A706C2DE0B6D300BA34B8 /* Project.swift */ = {isa = PBXFileReference; lastKnownFileType = sourcecode.swift; path = Project.swift; sourceTree = "<group>"; };
		FB7A706F2DE0CAB600BA34B8 /* ProjectsLogic.swift */ = {isa = PBXFileReference; lastKnownFileType = sourcecode.swift; path = ProjectsLogic.swift; sourceTree = "<group>"; };
		FB7A70712DE0CADF00BA34B8 /* RepositoryTest.swift */ = {isa = PBXFileReference; lastKnownFileType = sourcecode.swift; path = RepositoryTest.swift; sourceTree = "<group>"; };
		FB7A70742DE0CAF500BA34B8 /* TaskeandoVM.swift */ = {isa = PBXFileReference; lastKnownFileType = sourcecode.swift; path = TaskeandoVM.swift; sourceTree = "<group>"; };
		FB7A70762DE0CC5C00BA34B8 /* LoginView.swift */ = {isa = PBXFileReference; lastKnownFileType = sourcecode.swift; path = LoginView.swift; sourceTree = "<group>"; };
		FB7A707B2DE222EB00BA34B8 /* ProjectRowView.swift */ = {isa = PBXFileReference; lastKnownFileType = sourcecode.swift; path = ProjectRowView.swift; sourceTree = "<group>"; };
		FB7A707D2DE2258E00BA34B8 /* LoginFormView.swift */ = {isa = PBXFileReference; lastKnownFileType = sourcecode.swift; path = LoginFormView.swift; sourceTree = "<group>"; };
		FB7A707F2DE22B1200BA34B8 /* LoadingButtonView.swift */ = {isa = PBXFileReference; lastKnownFileType = sourcecode.swift; path = LoadingButtonView.swift; sourceTree = "<group>"; };
		FB7A70812DE2331100BA34B8 /* BackgroundOverlay.swift */ = {isa = PBXFileReference; lastKnownFileType = sourcecode.swift; path = BackgroundOverlay.swift; sourceTree = "<group>"; };
/* End PBXFileReference section */

/* Begin PBXFrameworksBuildPhase section */
		FB4C30342DDBB58E00E6E14A /* Frameworks */ = {
			isa = PBXFrameworksBuildPhase;
			buildActionMask = 2147483647;
			files = (
				FB7A70602DDF8A4C00BA34B8 /* SMP25Kit in Frameworks */,
			);
			runOnlyForDeploymentPostprocessing = 0;
		};
/* End PBXFrameworksBuildPhase section */

/* Begin PBXGroup section */
		FB01FE792DE2C247003B7FF1 /* Extensions */ = {
			isa = PBXGroup;
			children = (
				FB01FE7C2DE2C267003B7FF1 /* Extensions.swift */,
			);
			path = Extensions;
			sourceTree = "<group>";
		};
		FB4C302E2DDBB58E00E6E14A = {
			isa = PBXGroup;
			children = (
				FB7A70542DDF88A600BA34B8 /* Taskeando */,
				FB4C30382DDBB58E00E6E14A /* Products */,
			);
			sourceTree = "<group>";
		};
		FB4C30382DDBB58E00E6E14A /* Products */ = {
			isa = PBXGroup;
			children = (
				FB4C30372DDBB58E00E6E14A /* Taskeando.app */,
			);
			name = Products;
			sourceTree = "<group>";
		};
		FB7A70542DDF88A600BA34B8 /* Taskeando */ = {
			isa = PBXGroup;
			children = (
				FB7A707A2DE222E300BA34B8 /* Components */,
				FB7A70512DDF88A600BA34B8 /* ContentView.swift */,
				FB7A70762DE0CC5C00BA34B8 /* LoginView.swift */,
				FB01FE6B2DE253F0003B7FF1 /* SignUpView.swift */,
				FB7A70732DE0CAEB00BA34B8 /* ViewModel */,
				FB7A706E2DE0CAA800BA34B8 /* Logics */,
				FB7A70612DDF8A9300BA34B8 /* Model */,
				FB7A70592DDF892500BA34B8 /* Interface */,
				FB01FE792DE2C247003B7FF1 /* Extensions */,
				FB7A70502DDF88A600BA34B8 /* Assets.xcassets */,
				FB7A70522DDF88A600BA34B8 /* Info.plist */,
				FB01FE6A2DE24A81003B7FF1 /* Taskeando.entitlements */,
				FB7A70532DDF88A600BA34B8 /* TaskeandoApp.swift */,
			);
			path = Taskeando;
			sourceTree = "<group>";
		};
		FB7A70592DDF892500BA34B8 /* Interface */ = {
			isa = PBXGroup;
			children = (
				FB7A70712DE0CADF00BA34B8 /* RepositoryTest.swift */,
				FB7A705C2DDF89B900BA34B8 /* Repository.swift */,
				FB7A705A2DDF899E00BA34B8 /* URL.swift */,
			);
			path = Interface;
			sourceTree = "<group>";
		};
		FB7A70612DDF8A9300BA34B8 /* Model */ = {
			isa = PBXGroup;
			children = (
				FB7A706C2DE0B6D300BA34B8 /* Project.swift */,
				FB01FE712DE28F5A003B7FF1 /* User.swift */,
				FB7A706A2DE0B67A00BA34B8 /* Enums.swift */,
			);
			path = Model;
			sourceTree = "<group>";
		};
		FB7A706E2DE0CAA800BA34B8 /* Logics */ = {
			isa = PBXGroup;
			children = (
				FB01FE732DE29BCB003B7FF1 /* UsersLogic.swift */,
				FB7A706F2DE0CAB600BA34B8 /* ProjectsLogic.swift */,
			);
			path = Logics;
			sourceTree = "<group>";
		};
		FB7A70732DE0CAEB00BA34B8 /* ViewModel */ = {
			isa = PBXGroup;
			children = (
				FB01FE772DE2C1BC003B7FF1 /* PasswordViewModel.swift */,
				FB7A70742DE0CAF500BA34B8 /* TaskeandoVM.swift */,
			);
			path = ViewModel;
			sourceTree = "<group>";
		};
		FB7A707A2DE222E300BA34B8 /* Components */ = {
			isa = PBXGroup;
			children = (
				FB01FE6F2DE2614D003B7FF1 /* PasswordField.swift */,
				FB01FE6D2DE26136003B7FF1 /* FormTextField.swift */,
				FB7A707B2DE222EB00BA34B8 /* ProjectRowView.swift */,
				FB7A707D2DE2258E00BA34B8 /* LoginFormView.swift */,
				FB7A707F2DE22B1200BA34B8 /* LoadingButtonView.swift */,
				FB7A70812DE2331100BA34B8 /* BackgroundOverlay.swift */,
				FB01FE752DE29DCB003B7FF1 /* PasswordStrengthIndicator.swift */,
			);
			path = Components;
			sourceTree = "<group>";
		};
/* End PBXGroup section */

/* Begin PBXNativeTarget section */
		FB4C30362DDBB58E00E6E14A /* Taskeando */ = {
			isa = PBXNativeTarget;
			buildConfigurationList = FB4C30422DDBB59300E6E14A /* Build configuration list for PBXNativeTarget "Taskeando" */;
			buildPhases = (
				FB4C30332DDBB58E00E6E14A /* Sources */,
				FB4C30342DDBB58E00E6E14A /* Frameworks */,
				FB4C30352DDBB58E00E6E14A /* Resources */,
			);
			buildRules = (
			);
			dependencies = (
			);
			name = Taskeando;
			packageProductDependencies = (
				FB7A705F2DDF8A4C00BA34B8 /* SMP25Kit */,
			);
			productName = Taskeando;
			productReference = FB4C30372DDBB58E00E6E14A /* Taskeando.app */;
			productType = "com.apple.product-type.application";
		};
/* End PBXNativeTarget section */

/* Begin PBXProject section */
		FB4C302F2DDBB58E00E6E14A /* Project object */ = {
			isa = PBXProject;
			attributes = {
				BuildIndependentTargetsInParallel = 1;
				LastSwiftUpdateCheck = 1630;
				LastUpgradeCheck = 1630;
				TargetAttributes = {
					FB4C30362DDBB58E00E6E14A = {
						CreatedOnToolsVersion = 16.3;
					};
				};
			};
			buildConfigurationList = FB4C30322DDBB58E00E6E14A /* Build configuration list for PBXProject "Taskeando" */;
			developmentRegion = en;
			hasScannedForEncodings = 0;
			knownRegions = (
				en,
				Base,
			);
			mainGroup = FB4C302E2DDBB58E00E6E14A;
			minimizedProjectReferenceProxies = 1;
			packageReferences = (
				FB7A705E2DDF8A4C00BA34B8 /* XCRemoteSwiftPackageReference "SMP25Kit" */,
			);
			preferredProjectObjectVersion = 77;
			productRefGroup = FB4C30382DDBB58E00E6E14A /* Products */;
			projectDirPath = "";
			projectRoot = "";
			targets = (
				FB4C30362DDBB58E00E6E14A /* Taskeando */,
			);
		};
/* End PBXProject section */

/* Begin PBXResourcesBuildPhase section */
		FB4C30352DDBB58E00E6E14A /* Resources */ = {
			isa = PBXResourcesBuildPhase;
			buildActionMask = 2147483647;
			files = (
				FB7A70552DDF88A600BA34B8 /* Assets.xcassets in Resources */,
			);
			runOnlyForDeploymentPostprocessing = 0;
		};
/* End PBXResourcesBuildPhase section */

/* Begin PBXSourcesBuildPhase section */
		FB4C30332DDBB58E00E6E14A /* Sources */ = {
			isa = PBXSourcesBuildPhase;
			buildActionMask = 2147483647;
			files = (
				FB7A70572DDF88A600BA34B8 /* ContentView.swift in Sources */,
				FB01FE782DE2C1BC003B7FF1 /* PasswordViewModel.swift in Sources */,
				FB7A707C2DE222EB00BA34B8 /* ProjectRowView.swift in Sources */,
				FB7A70752DE0CAF500BA34B8 /* TaskeandoVM.swift in Sources */,
				FB7A70722DE0CADF00BA34B8 /* RepositoryTest.swift in Sources */,
				FB7A70582DDF88A600BA34B8 /* TaskeandoApp.swift in Sources */,
				FB01FE762DE29DCB003B7FF1 /* PasswordStrengthIndicator.swift in Sources */,
				FB01FE6E2DE26136003B7FF1 /* FormTextField.swift in Sources */,
				FB01FE722DE28F5A003B7FF1 /* User.swift in Sources */,
				FB01FE7D2DE2C267003B7FF1 /* Extensions.swift in Sources */,
				FB01FE742DE29BCB003B7FF1 /* UsersLogic.swift in Sources */,
				FB7A705B2DDF899E00BA34B8 /* URL.swift in Sources */,
				FB7A706B2DE0B67A00BA34B8 /* Enums.swift in Sources */,
				FB7A707E2DE2258E00BA34B8 /* LoginFormView.swift in Sources */,
				FB7A70802DE22B1200BA34B8 /* LoadingButtonView.swift in Sources */,
				FB7A70822DE2331100BA34B8 /* BackgroundOverlay.swift in Sources */,
				FB7A706D2DE0B6D300BA34B8 /* Project.swift in Sources */,
				FB01FE702DE2614D003B7FF1 /* PasswordField.swift in Sources */,
				FB01FE6C2DE253F0003B7FF1 /* SignUpView.swift in Sources */,
				FB7A70772DE0CC5C00BA34B8 /* LoginView.swift in Sources */,
				FB7A70702DE0CAB600BA34B8 /* ProjectsLogic.swift in Sources */,
				FB7A705D2DDF89B900BA34B8 /* Repository.swift in Sources */,
			);
			runOnlyForDeploymentPostprocessing = 0;
		};
/* End PBXSourcesBuildPhase section */

/* Begin XCBuildConfiguration section */
		FB4C30402DDBB59300E6E14A /* Debug */ = {
			isa = XCBuildConfiguration;
			buildSettings = {
				ALWAYS_SEARCH_USER_PATHS = NO;
				ASSETCATALOG_COMPILER_GENERATE_SWIFT_ASSET_SYMBOL_EXTENSIONS = YES;
				CLANG_ANALYZER_NONNULL = YES;
				CLANG_ANALYZER_NUMBER_OBJECT_CONVERSION = YES_AGGRESSIVE;
				CLANG_CXX_LANGUAGE_STANDARD = "gnu++20";
				CLANG_ENABLE_MODULES = YES;
				CLANG_ENABLE_OBJC_ARC = YES;
				CLANG_ENABLE_OBJC_WEAK = YES;
				CLANG_WARN_BLOCK_CAPTURE_AUTORELEASING = YES;
				CLANG_WARN_BOOL_CONVERSION = YES;
				CLANG_WARN_COMMA = YES;
				CLANG_WARN_CONSTANT_CONVERSION = YES;
				CLANG_WARN_DEPRECATED_OBJC_IMPLEMENTATIONS = YES;
				CLANG_WARN_DIRECT_OBJC_ISA_USAGE = YES_ERROR;
				CLANG_WARN_DOCUMENTATION_COMMENTS = YES;
				CLANG_WARN_EMPTY_BODY = YES;
				CLANG_WARN_ENUM_CONVERSION = YES;
				CLANG_WARN_INFINITE_RECURSION = YES;
				CLANG_WARN_INT_CONVERSION = YES;
				CLANG_WARN_NON_LITERAL_NULL_CONVERSION = YES;
				CLANG_WARN_OBJC_IMPLICIT_RETAIN_SELF = YES;
				CLANG_WARN_OBJC_LITERAL_CONVERSION = YES;
				CLANG_WARN_OBJC_ROOT_CLASS = YES_ERROR;
				CLANG_WARN_QUOTED_INCLUDE_IN_FRAMEWORK_HEADER = YES;
				CLANG_WARN_RANGE_LOOP_ANALYSIS = YES;
				CLANG_WARN_STRICT_PROTOTYPES = YES;
				CLANG_WARN_SUSPICIOUS_MOVE = YES;
				CLANG_WARN_UNGUARDED_AVAILABILITY = YES_AGGRESSIVE;
				CLANG_WARN_UNREACHABLE_CODE = YES;
				CLANG_WARN__DUPLICATE_METHOD_MATCH = YES;
				COPY_PHASE_STRIP = NO;
				DEBUG_INFORMATION_FORMAT = dwarf;
				DEVELOPMENT_TEAM = 7GRZBU3W5C;
				ENABLE_STRICT_OBJC_MSGSEND = YES;
				ENABLE_TESTABILITY = YES;
				ENABLE_USER_SCRIPT_SANDBOXING = YES;
				GCC_C_LANGUAGE_STANDARD = gnu17;
				GCC_DYNAMIC_NO_PIC = NO;
				GCC_NO_COMMON_BLOCKS = YES;
				GCC_OPTIMIZATION_LEVEL = 0;
				GCC_PREPROCESSOR_DEFINITIONS = (
					"DEBUG=1",
					"$(inherited)",
				);
				GCC_WARN_64_TO_32_BIT_CONVERSION = YES;
				GCC_WARN_ABOUT_RETURN_TYPE = YES_ERROR;
				GCC_WARN_UNDECLARED_SELECTOR = YES;
				GCC_WARN_UNINITIALIZED_AUTOS = YES_AGGRESSIVE;
				GCC_WARN_UNUSED_FUNCTION = YES;
				GCC_WARN_UNUSED_VARIABLE = YES;
				IPHONEOS_DEPLOYMENT_TARGET = 18.4;
				LOCALIZATION_PREFERS_STRING_CATALOGS = YES;
				MTL_ENABLE_DEBUG_INFO = INCLUDE_SOURCE;
				MTL_FAST_MATH = YES;
				ONLY_ACTIVE_ARCH = YES;
				SDKROOT = iphoneos;
				SWIFT_ACTIVE_COMPILATION_CONDITIONS = "DEBUG $(inherited)";
				SWIFT_OPTIMIZATION_LEVEL = "-Onone";
			};
			name = Debug;
		};
		FB4C30412DDBB59300E6E14A /* Release */ = {
			isa = XCBuildConfiguration;
			buildSettings = {
				ALWAYS_SEARCH_USER_PATHS = NO;
				ASSETCATALOG_COMPILER_GENERATE_SWIFT_ASSET_SYMBOL_EXTENSIONS = YES;
				CLANG_ANALYZER_NONNULL = YES;
				CLANG_ANALYZER_NUMBER_OBJECT_CONVERSION = YES_AGGRESSIVE;
				CLANG_CXX_LANGUAGE_STANDARD = "gnu++20";
				CLANG_ENABLE_MODULES = YES;
				CLANG_ENABLE_OBJC_ARC = YES;
				CLANG_ENABLE_OBJC_WEAK = YES;
				CLANG_WARN_BLOCK_CAPTURE_AUTORELEASING = YES;
				CLANG_WARN_BOOL_CONVERSION = YES;
				CLANG_WARN_COMMA = YES;
				CLANG_WARN_CONSTANT_CONVERSION = YES;
				CLANG_WARN_DEPRECATED_OBJC_IMPLEMENTATIONS = YES;
				CLANG_WARN_DIRECT_OBJC_ISA_USAGE = YES_ERROR;
				CLANG_WARN_DOCUMENTATION_COMMENTS = YES;
				CLANG_WARN_EMPTY_BODY = YES;
				CLANG_WARN_ENUM_CONVERSION = YES;
				CLANG_WARN_INFINITE_RECURSION = YES;
				CLANG_WARN_INT_CONVERSION = YES;
				CLANG_WARN_NON_LITERAL_NULL_CONVERSION = YES;
				CLANG_WARN_OBJC_IMPLICIT_RETAIN_SELF = YES;
				CLANG_WARN_OBJC_LITERAL_CONVERSION = YES;
				CLANG_WARN_OBJC_ROOT_CLASS = YES_ERROR;
				CLANG_WARN_QUOTED_INCLUDE_IN_FRAMEWORK_HEADER = YES;
				CLANG_WARN_RANGE_LOOP_ANALYSIS = YES;
				CLANG_WARN_STRICT_PROTOTYPES = YES;
				CLANG_WARN_SUSPICIOUS_MOVE = YES;
				CLANG_WARN_UNGUARDED_AVAILABILITY = YES_AGGRESSIVE;
				CLANG_WARN_UNREACHABLE_CODE = YES;
				CLANG_WARN__DUPLICATE_METHOD_MATCH = YES;
				COPY_PHASE_STRIP = NO;
				DEBUG_INFORMATION_FORMAT = "dwarf-with-dsym";
				DEVELOPMENT_TEAM = 7GRZBU3W5C;
				ENABLE_NS_ASSERTIONS = NO;
				ENABLE_STRICT_OBJC_MSGSEND = YES;
				ENABLE_USER_SCRIPT_SANDBOXING = YES;
				GCC_C_LANGUAGE_STANDARD = gnu17;
				GCC_NO_COMMON_BLOCKS = YES;
				GCC_WARN_64_TO_32_BIT_CONVERSION = YES;
				GCC_WARN_ABOUT_RETURN_TYPE = YES_ERROR;
				GCC_WARN_UNDECLARED_SELECTOR = YES;
				GCC_WARN_UNINITIALIZED_AUTOS = YES_AGGRESSIVE;
				GCC_WARN_UNUSED_FUNCTION = YES;
				GCC_WARN_UNUSED_VARIABLE = YES;
				IPHONEOS_DEPLOYMENT_TARGET = 18.4;
				LOCALIZATION_PREFERS_STRING_CATALOGS = YES;
				MTL_ENABLE_DEBUG_INFO = NO;
				MTL_FAST_MATH = YES;
				SDKROOT = iphoneos;
				SWIFT_COMPILATION_MODE = wholemodule;
				VALIDATE_PRODUCT = YES;
			};
			name = Release;
		};
		FB4C30432DDBB59300E6E14A /* Debug */ = {
			isa = XCBuildConfiguration;
			buildSettings = {
				ASSETCATALOG_COMPILER_APPICON_NAME = AppIcon;
				ASSETCATALOG_COMPILER_GLOBAL_ACCENT_COLOR_NAME = AccentColor;
				CODE_SIGN_ENTITLEMENTS = Taskeando/Taskeando.entitlements;
				CODE_SIGN_IDENTITY = "Apple Development";
				CODE_SIGN_STYLE = Automatic;
				CURRENT_PROJECT_VERSION = 1;
				DEVELOPMENT_TEAM = 7GRZBU3W5C;
				ENABLE_PREVIEWS = YES;
				GENERATE_INFOPLIST_FILE = YES;
				INFOPLIST_FILE = Taskeando/Info.plist;
				INFOPLIST_KEY_LSApplicationCategoryType = "public.app-category.productivity";
				INFOPLIST_KEY_UIApplicationSceneManifest_Generation = YES;
				INFOPLIST_KEY_UIApplicationSupportsIndirectInputEvents = YES;
				INFOPLIST_KEY_UILaunchScreen_Generation = YES;
				INFOPLIST_KEY_UISupportedInterfaceOrientations_iPad = "UIInterfaceOrientationPortrait UIInterfaceOrientationPortraitUpsideDown UIInterfaceOrientationLandscapeLeft UIInterfaceOrientationLandscapeRight";
				INFOPLIST_KEY_UISupportedInterfaceOrientations_iPhone = "UIInterfaceOrientationPortrait UIInterfaceOrientationLandscapeLeft UIInterfaceOrientationLandscapeRight";
				LD_RUNPATH_SEARCH_PATHS = (
					"$(inherited)",
					"@executable_path/Frameworks",
				);
				MARKETING_VERSION = 1.0;
				PRODUCT_BUNDLE_IDENTIFIER = com.cxcarvaj.Taskeando;
				PRODUCT_NAME = "$(TARGET_NAME)";
				PROVISIONING_PROFILE_SPECIFIER = "";
				SWIFT_EMIT_LOC_STRINGS = YES;
				SWIFT_VERSION = 6.0;
				TARGETED_DEVICE_FAMILY = "1,2";
			};
			name = Debug;
		};
		FB4C30442DDBB59300E6E14A /* Release */ = {
			isa = XCBuildConfiguration;
			buildSettings = {
				ASSETCATALOG_COMPILER_APPICON_NAME = AppIcon;
				ASSETCATALOG_COMPILER_GLOBAL_ACCENT_COLOR_NAME = AccentColor;
				CODE_SIGN_ENTITLEMENTS = Taskeando/Taskeando.entitlements;
				CODE_SIGN_IDENTITY = "Apple Development";
				CODE_SIGN_STYLE = Automatic;
				CURRENT_PROJECT_VERSION = 1;
				DEVELOPMENT_TEAM = 7GRZBU3W5C;
				ENABLE_PREVIEWS = YES;
				GENERATE_INFOPLIST_FILE = YES;
				INFOPLIST_FILE = Taskeando/Info.plist;
				INFOPLIST_KEY_LSApplicationCategoryType = "public.app-category.productivity";
				INFOPLIST_KEY_UIApplicationSceneManifest_Generation = YES;
				INFOPLIST_KEY_UIApplicationSupportsIndirectInputEvents = YES;
				INFOPLIST_KEY_UILaunchScreen_Generation = YES;
				INFOPLIST_KEY_UISupportedInterfaceOrientations_iPad = "UIInterfaceOrientationPortrait UIInterfaceOrientationPortraitUpsideDown UIInterfaceOrientationLandscapeLeft UIInterfaceOrientationLandscapeRight";
				INFOPLIST_KEY_UISupportedInterfaceOrientations_iPhone = "UIInterfaceOrientationPortrait UIInterfaceOrientationLandscapeLeft UIInterfaceOrientationLandscapeRight";
				LD_RUNPATH_SEARCH_PATHS = (
					"$(inherited)",
					"@executable_path/Frameworks",
				);
				MARKETING_VERSION = 1.0;
				PRODUCT_BUNDLE_IDENTIFIER = com.cxcarvaj.Taskeando;
				PRODUCT_NAME = "$(TARGET_NAME)";
				PROVISIONING_PROFILE_SPECIFIER = "";
				SWIFT_EMIT_LOC_STRINGS = YES;
				SWIFT_VERSION = 6.0;
				TARGETED_DEVICE_FAMILY = "1,2";
			};
			name = Release;
		};
/* End XCBuildConfiguration section */

/* Begin XCConfigurationList section */
		FB4C30322DDBB58E00E6E14A /* Build configuration list for PBXProject "Taskeando" */ = {
			isa = XCConfigurationList;
			buildConfigurations = (
				FB4C30402DDBB59300E6E14A /* Debug */,
				FB4C30412DDBB59300E6E14A /* Release */,
			);
			defaultConfigurationIsVisible = 0;
			defaultConfigurationName = Release;
		};
		FB4C30422DDBB59300E6E14A /* Build configuration list for PBXNativeTarget "Taskeando" */ = {
			isa = XCConfigurationList;
			buildConfigurations = (
				FB4C30432DDBB59300E6E14A /* Debug */,
				FB4C30442DDBB59300E6E14A /* Release */,
			);
			defaultConfigurationIsVisible = 0;
			defaultConfigurationName = Release;
		};
/* End XCConfigurationList section */

/* Begin XCRemoteSwiftPackageReference section */
		FB7A705E2DDF8A4C00BA34B8 /* XCRemoteSwiftPackageReference "SMP25Kit" */ = {
			isa = XCRemoteSwiftPackageReference;
			repositoryURL = "git@github.com:cxcarvaj/SMP25Kit.git";
			requirement = {
				kind = upToNextMajorVersion;
				minimumVersion = 0.1.3;
			};
		};
/* End XCRemoteSwiftPackageReference section */

/* Begin XCSwiftPackageProductDependency section */
		FB7A705F2DDF8A4C00BA34B8 /* SMP25Kit */ = {
			isa = XCSwiftPackageProductDependency;
			package = FB7A705E2DDF8A4C00BA34B8 /* XCRemoteSwiftPackageReference "SMP25Kit" */;
			productName = SMP25Kit;
		};
/* End XCSwiftPackageProductDependency section */
	};
	rootObject = FB4C302F2DDBB58E00E6E14A /* Project object */;
}
