{
  "originHash" : "96b87d965f581722141bd5c275088fc33d1a756c74c51566496810aa11fcad6b",
  "pins" : [
    {
      "identity" : "smp25kit",
      "kind" : "remoteSourceControl",
      "location" : "git@github.com:cxcarvaj/SMP25Kit.git",
      "state" : {
        "revision" : "86139c03e8122fe510342f4a9703f8957c79a8de",
        "version" : "0.2.6"
      }
    }
  ],
  "version" : 3
}
