{
  "originHash" : "96b87d965f581722141bd5c275088fc33d1a756c74c51566496810aa11fcad6b",
  "pins" : [
    {
      "identity" : "smp25kit",
      "kind" : "remoteSourceControl",
      "location" : "git@github.com:cxcarvaj/SMP25Kit.git",
      "state" : {
        "revision" : "391ddc0539e762901b0b5c96e611ee70d981f09c",
        "version" : "0.1.8"
      }
    }
  ],
  "version" : 3
}
