{
  "originHash" : "96b87d965f581722141bd5c275088fc33d1a756c74c51566496810aa11fcad6b",
  "pins" : [
    {
      "identity" : "smp25kit",
      "kind" : "remoteSourceControl",
      "location" : "git@github.com:cxcarvaj/SMP25Kit.git",
      "state" : {
        "revision" : "cb7dce19fc8a2434e343521e8ecc90dc139d0d64",
        "version" : "0.2.4"
      }
    }
  ],
  "version" : 3
}
